
Microsoft Visual Studio Solution File, Format Version 12.00
# Visual Studio Version 16
VisualStudioVersion = 16.0.30621.155
MinimumVisualStudioVersion = 10.0.40219.1
Project("{FAE04EC0-301F-11D3-BF4B-00C04F79EFBC}") = "GameStore.Domain", "GameStore.Domain\GameStore.Domain.csproj", "{F3833149-C036-48CE-A83A-84574AA54033}"
EndProject
Project("{FAE04EC0-301F-11D3-BF4B-00C04F79EFBC}") = "GameStore.UnitTests", "GameStore.UnitTests\GameStore.UnitTests.csproj", "{F86A1B1C-585B-45C7-8477-8AF363542A5E}"
EndProject
Global
	GlobalSection(SolutionConfigurationPlatforms) = preSolution
		Debug|Any CPU = Debug|Any CPU
		Release|Any CPU = Release|Any CPU
	EndGlobalSection
	GlobalSection(ProjectConfigurationPlatforms) = postSolution
		{F3833149-C036-48CE-A83A-84574AA54033}.Debug|Any CPU.ActiveCfg = Debug|Any CPU
		{F3833149-C036-48CE-A83A-84574AA54033}.Debug|Any CPU.Build.0 = Debug|Any CPU
		{F3833149-C036-48CE-A83A-84574AA54033}.Release|Any CPU.ActiveCfg = Release|Any CPU
		{F3833149-C036-48CE-A83A-84574AA54033}.Release|Any CPU.Build.0 = Release|Any CPU
		{F86A1B1C-585B-45C7-8477-8AF363542A5E}.Debug|Any CPU.ActiveCfg = Debug|Any CPU
		{F86A1B1C-585B-45C7-8477-8AF363542A5E}.Debug|Any CPU.Build.0 = Debug|Any CPU
		{F86A1B1C-585B-45C7-8477-8AF363542A5E}.Release|Any CPU.ActiveCfg = Release|Any CPU
		{F86A1B1C-585B-45C7-8477-8AF363542A5E}.Release|Any CPU.Build.0 = Release|Any CPU
	EndGlobalSection
	GlobalSection(SolutionProperties) = preSolution
		HideSolutionNode = FALSE
	EndGlobalSection
	GlobalSection(ExtensibilityGlobals) = postSolution
		SolutionGuid = {587C8F62-5E8D-4577-B82E-A85D76CAC2BF}
	EndGlobalSection
EndGlobal
